// !$*UTF8*$!
{
	archiveVersion = 1;
	classes = {
	};
	objectVersion = 51;
	objects = {

/* Begin PBXBuildFile section */
		58B20F44269B21900008EF2E /* AppDelegate.swift in Sources */ = {isa = PBXBuildFile; fileRef = 58B20F43269B21900008EF2E /* AppDelegate.swift */; };
		58B20F4D269B21900008EF2E /* Assets.xcassets in Resources */ = {isa = PBXBuildFile; fileRef = 58B20F4C269B21900008EF2E /* Assets.xcassets */; };
		58B20F50269B21900008EF2E /* LaunchScreen.storyboard in Resources */ = {isa = PBXBuildFile; fileRef = 58B20F4E269B21900008EF2E /* LaunchScreen.storyboard */; };
		58B20F58269B21EC0008EF2E /* PaginationViewController.swift in Sources */ = {isa = PBXBuildFile; fileRef = 58B20F57269B21EC0008EF2E /* PaginationViewController.swift */; };
		58B20F5A269B21F70008EF2E /* PaginationViewModel.swift in Sources */ = {isa = PBXBuildFile; fileRef = 58B20F59269B21F70008EF2E /* PaginationViewModel.swift */; };
		58B20F5C269B25E10008EF2E /* DummyService.swift in Sources */ = {isa = PBXBuildFile; fileRef = 58B20F5B269B25E10008EF2E /* DummyService.swift */; };
		AA92D9A069584259A77A574F /* Pods_RxSwiftPagination.framework in Frameworks */ = {isa = PBXBuildFile; fileRef = 6E9C341FAB78E205390AC215 /* Pods_RxSwiftPagination.framework */; };
/* End PBXBuildFile section */

/* Begin PBXFileReference section */
		4D5019DC73EA39094D3CBEA9 /* Pods-RxSwiftPagination.release.xcconfig */ = {isa = PBXFileReference; includeInIndex = 1; lastKnownFileType = text.xcconfig; name = "Pods-RxSwiftPagination.release.xcconfig"; path = "Target Support Files/Pods-RxSwiftPagination/Pods-RxSwiftPagination.release.xcconfig"; sourceTree = "<group>"; };
		58B20F40269B21900008EF2E /* RxSwiftPagination.app */ = {isa = PBXFileReference; explicitFileType = wrapper.application; includeInIndex = 0; path = RxSwiftPagination.app; sourceTree = BUILT_PRODUCTS_DIR; };
		58B20F43269B21900008EF2E /* AppDelegate.swift */ = {isa = PBXFileReference; lastKnownFileType = sourcecode.swift; path = AppDelegate.swift; sourceTree = "<group>"; };
		58B20F4C269B21900008EF2E /* Assets.xcassets */ = {isa = PBXFileReference; lastKnownFileType = folder.assetcatalog; path = Assets.xcassets; sourceTree = "<group>"; };
		58B20F4F269B21900008EF2E /* Base */ = {isa = PBXFileReference; lastKnownFileType = file.storyboard; name = Base; path = Base.lproj/LaunchScreen.storyboard; sourceTree = "<group>"; };
		58B20F51269B21900008EF2E /* Info.plist */ = {isa = PBXFileReference; lastKnownFileType = text.plist.xml; path = Info.plist; sourceTree = "<group>"; };
		58B20F57269B21EC0008EF2E /* PaginationViewController.swift */ = {isa = PBXFileReference; lastKnownFileType = sourcecode.swift; path = PaginationViewController.swift; sourceTree = "<group>"; };
		58B20F59269B21F70008EF2E /* PaginationViewModel.swift */ = {isa = PBXFileReference; lastKnownFileType = sourcecode.swift; path = PaginationViewModel.swift; sourceTree = "<group>"; };
		58B20F5B269B25E10008EF2E /* DummyService.swift */ = {isa = PBXFileReference; lastKnownFileType = sourcecode.swift; path = DummyService.swift; sourceTree = "<group>"; };
		6E9C341FAB78E205390AC215 /* Pods_RxSwiftPagination.framework */ = {isa = PBXFileReference; explicitFileType = wrapper.framework; includeInIndex = 0; path = Pods_RxSwiftPagination.framework; sourceTree = BUILT_PRODUCTS_DIR; };
		8DA2B6F9598F9D5B12FD5AE5 /* Pods-RxSwiftPagination.debug.xcconfig */ = {isa = PBXFileReference; includeInIndex = 1; lastKnownFileType = text.xcconfig; name = "Pods-RxSwiftPagination.debug.xcconfig"; path = "Target Support Files/Pods-RxSwiftPagination/Pods-RxSwiftPagination.debug.xcconfig"; sourceTree = "<group>"; };
/* End PBXFileReference section */

/* Begin PBXFrameworksBuildPhase section */
		58B20F3D269B21900008EF2E /* Frameworks */ = {
			isa = PBXFrameworksBuildPhase;
			buildActionMask = 2147483647;
			files = (
				AA92D9A069584259A77A574F /* Pods_RxSwiftPagination.framework in Frameworks */,
			);
			runOnlyForDeploymentPostprocessing = 0;
		};
/* End PBXFrameworksBuildPhase section */

/* Begin PBXGroup section */
		58B20F37269B21900008EF2E = {
			isa = PBXGroup;
			children = (
				58B20F42269B21900008EF2E /* RxSwiftPagination */,
				58B20F41269B21900008EF2E /* Products */,
				9BACB571898413590EE5496F /* Pods */,
				7EB4B7D63F2E6616BB062980 /* Frameworks */,
			);
			sourceTree = "<group>";
		};
		58B20F41269B21900008EF2E /* Products */ = {
			isa = PBXGroup;
			children = (
				58B20F40269B21900008EF2E /* RxSwiftPagination.app */,
			);
			name = Products;
			sourceTree = "<group>";
		};
		58B20F42269B21900008EF2E /* RxSwiftPagination */ = {
			isa = PBXGroup;
			children = (
				58B20F43269B21900008EF2E /* AppDelegate.swift */,
				58B20F4C269B21900008EF2E /* Assets.xcassets */,
				58B20F4E269B21900008EF2E /* LaunchScreen.storyboard */,
				58B20F51269B21900008EF2E /* Info.plist */,
				58B20F57269B21EC0008EF2E /* PaginationViewController.swift */,
				58B20F59269B21F70008EF2E /* PaginationViewModel.swift */,
				58B20F5B269B25E10008EF2E /* DummyService.swift */,
			);
			path = RxSwiftPagination;
			sourceTree = "<group>";
		};
		7EB4B7D63F2E6616BB062980 /* Frameworks */ = {
			isa = PBXGroup;
			children = (
				6E9C341FAB78E205390AC215 /* Pods_RxSwiftPagination.framework */,
			);
			name = Frameworks;
			sourceTree = "<group>";
		};
		9BACB571898413590EE5496F /* Pods */ = {
			isa = PBXGroup;
			children = (
				8DA2B6F9598F9D5B12FD5AE5 /* Pods-RxSwiftPagination.debug.xcconfig */,
				4D5019DC73EA39094D3CBEA9 /* Pods-RxSwiftPagination.release.xcconfig */,
			);
			path = Pods;
			sourceTree = "<group>";
		};
/* End PBXGroup section */

/* Begin PBXNativeTarget section */
		58B20F3F269B21900008EF2E /* RxSwiftPagination */ = {
			isa = PBXNativeTarget;
			buildConfigurationList = 58B20F54269B21900008EF2E /* Build configuration list for PBXNativeTarget "RxSwiftPagination" */;
			buildPhases = (
				AC2006E57085E41A99F14FE7 /* [CP] Check Pods Manifest.lock */,
				58B20F3C269B21900008EF2E /* Sources */,
				58B20F3D269B21900008EF2E /* Frameworks */,
				58B20F3E269B21900008EF2E /* Resources */,
				D446A46A5296DC6B0279C310 /* [CP] Embed Pods Frameworks */,
			);
			buildRules = (
			);
			dependencies = (
			);
			name = RxSwiftPagination;
			productName = RxSwiftPagination;
			productReference = 58B20F40269B21900008EF2E /* RxSwiftPagination.app */;
			productType = "com.apple.product-type.application";
		};
/* End PBXNativeTarget section */

/* Begin PBXProject section */
		58B20F38269B21900008EF2E /* Project object */ = {
			isa = PBXProject;
			attributes = {
				LastSwiftUpdateCheck = 1250;
				LastUpgradeCheck = 1250;
				TargetAttributes = {
					58B20F3F269B21900008EF2E = {
						CreatedOnToolsVersion = 12.5;
					};
				};
			};
			buildConfigurationList = 58B20F3B269B21900008EF2E /* Build configuration list for PBXProject "RxSwiftPagination" */;
			compatibilityVersion = "Xcode 9.3";
			developmentRegion = en;
			hasScannedForEncodings = 0;
			knownRegions = (
				en,
				Base,
			);
			mainGroup = 58B20F37269B21900008EF2E;
			productRefGroup = 58B20F41269B21900008EF2E /* Products */;
			projectDirPath = "";
			projectRoot = "";
			targets = (
				58B20F3F269B21900008EF2E /* RxSwiftPagination */,
			);
		};
/* End PBXProject section */

/* Begin PBXResourcesBuildPhase section */
		58B20F3E269B21900008EF2E /* Resources */ = {
			isa = PBXResourcesBuildPhase;
			buildActionMask = 2147483647;
			files = (
				58B20F50269B21900008EF2E /* LaunchScreen.storyboard in Resources */,
				58B20F4D269B21900008EF2E /* Assets.xcassets in Resources */,
			);
			runOnlyForDeploymentPostprocessing = 0;
		};
/* End PBXResourcesBuildPhase section */

/* Begin PBXShellScriptBuildPhase section */
		AC2006E57085E41A99F14FE7 /* [CP] Check Pods Manifest.lock */ = {
			isa = PBXShellScriptBuildPhase;
			buildActionMask = 2147483647;
			files = (
			);
			inputFileListPaths = (
			);
			inputPaths = (
				"${PODS_PODFILE_DIR_PATH}/Podfile.lock",
				"${PODS_ROOT}/Manifest.lock",
			);
			name = "[CP] Check Pods Manifest.lock";
			outputFileListPaths = (
			);
			outputPaths = (
				"$(DERIVED_FILE_DIR)/Pods-RxSwiftPagination-checkManifestLockResult.txt",
			);
			runOnlyForDeploymentPostprocessing = 0;
			shellPath = /bin/sh;
			shellScript = "diff \"${PODS_PODFILE_DIR_PATH}/Podfile.lock\" \"${PODS_ROOT}/Manifest.lock\" > /dev/null\nif [ $? != 0 ] ; then\n    # print error to STDERR\n    echo \"error: The sandbox is not in sync with the Podfile.lock. Run 'pod install' or update your CocoaPods installation.\" >&2\n    exit 1\nfi\n# This output is used by Xcode 'outputs' to avoid re-running this script phase.\necho \"SUCCESS\" > \"${SCRIPT_OUTPUT_FILE_0}\"\n";
			showEnvVarsInLog = 0;
		};
		D446A46A5296DC6B0279C310 /* [CP] Embed Pods Frameworks */ = {
			isa = PBXShellScriptBuildPhase;
			buildActionMask = 2147483647;
			files = (
			);
			inputFileListPaths = (
				"${PODS_ROOT}/Target Support Files/Pods-RxSwiftPagination/Pods-RxSwiftPagination-frameworks-${CONFIGURATION}-input-files.xcfilelist",
			);
			name = "[CP] Embed Pods Frameworks";
			outputFileListPaths = (
				"${PODS_ROOT}/Target Support Files/Pods-RxSwiftPagination/Pods-RxSwiftPagination-frameworks-${CONFIGURATION}-output-files.xcfilelist",
			);
			runOnlyForDeploymentPostprocessing = 0;
			shellPath = /bin/sh;
			shellScript = "\"${PODS_ROOT}/Target Support Files/Pods-RxSwiftPagination/Pods-RxSwiftPagination-frameworks.sh\"\n";
			showEnvVarsInLog = 0;
		};
/* End PBXShellScriptBuildPhase section */

/* Begin PBXSourcesBuildPhase section */
		58B20F3C269B21900008EF2E /* Sources */ = {
			isa = PBXSourcesBuildPhase;
			buildActionMask = 2147483647;
			files = (
				58B20F58269B21EC0008EF2E /* PaginationViewController.swift in Sources */,
				58B20F5A269B21F70008EF2E /* PaginationViewModel.swift in Sources */,
				58B20F5C269B25E10008EF2E /* DummyService.swift in Sources */,
				58B20F44269B21900008EF2E /* AppDelegate.swift in Sources */,
			);
			runOnlyForDeploymentPostprocessing = 0;
		};
/* End PBXSourcesBuildPhase section */

/* Begin PBXVariantGroup section */
		58B20F4E269B21900008EF2E /* LaunchScreen.storyboard */ = {
			isa = PBXVariantGroup;
			children = (
				58B20F4F269B21900008EF2E /* Base */,
			);
			name = LaunchScreen.storyboard;
			sourceTree = "<group>";
		};
/* End PBXVariantGroup section */

/* Begin XCBuildConfiguration section */
		58B20F52269B21900008EF2E /* Debug */ = {
			isa = XCBuildConfiguration;
			buildSettings = {
				ALWAYS_SEARCH_USER_PATHS = NO;
				CLANG_ANALYZER_NONNULL = YES;
				CLANG_ANALYZER_NUMBER_OBJECT_CONVERSION = YES_AGGRESSIVE;
				CLANG_CXX_LANGUAGE_STANDARD = "gnu++14";
				CLANG_CXX_LIBRARY = "libc++";
				CLANG_ENABLE_MODULES = YES;
				CLANG_ENABLE_OBJC_ARC = YES;
				CLANG_ENABLE_OBJC_WEAK = YES;
				CLANG_WARN_BLOCK_CAPTURE_AUTORELEASING = YES;
				CLANG_WARN_BOOL_CONVERSION = YES;
				CLANG_WARN_COMMA = YES;
				CLANG_WARN_CONSTANT_CONVERSION = YES;
				CLANG_WARN_DEPRECATED_OBJC_IMPLEMENTATIONS = YES;
				CLANG_WARN_DIRECT_OBJC_ISA_USAGE = YES_ERROR;
				CLANG_WARN_DOCUMENTATION_COMMENTS = YES;
				CLANG_WARN_EMPTY_BODY = YES;
				CLANG_WARN_ENUM_CONVERSION = YES;
				CLANG_WARN_INFINITE_RECURSION = YES;
				CLANG_WARN_INT_CONVERSION = YES;
				CLANG_WARN_NON_LITERAL_NULL_CONVERSION = YES;
				CLANG_WARN_OBJC_IMPLICIT_RETAIN_SELF = YES;
				CLANG_WARN_OBJC_LITERAL_CONVERSION = YES;
				CLANG_WARN_OBJC_ROOT_CLASS = YES_ERROR;
				CLANG_WARN_QUOTED_INCLUDE_IN_FRAMEWORK_HEADER = YES;
				CLANG_WARN_RANGE_LOOP_ANALYSIS = YES;
				CLANG_WARN_STRICT_PROTOTYPES = YES;
				CLANG_WARN_SUSPICIOUS_MOVE = YES;
				CLANG_WARN_UNGUARDED_AVAILABILITY = YES_AGGRESSIVE;
				CLANG_WARN_UNREACHABLE_CODE = YES;
				CLANG_WARN__DUPLICATE_METHOD_MATCH = YES;
				COPY_PHASE_STRIP = NO;
				DEBUG_INFORMATION_FORMAT = dwarf;
				ENABLE_STRICT_OBJC_MSGSEND = YES;
				ENABLE_TESTABILITY = YES;
				GCC_C_LANGUAGE_STANDARD = gnu11;
				GCC_DYNAMIC_NO_PIC = NO;
				GCC_NO_COMMON_BLOCKS = YES;
				GCC_OPTIMIZATION_LEVEL = 0;
				GCC_PREPROCESSOR_DEFINITIONS = (
					"DEBUG=1",
					"$(inherited)",
				);
				GCC_WARN_64_TO_32_BIT_CONVERSION = YES;
				GCC_WARN_ABOUT_RETURN_TYPE = YES_ERROR;
				GCC_WARN_UNDECLARED_SELECTOR = YES;
				GCC_WARN_UNINITIALIZED_AUTOS = YES_AGGRESSIVE;
				GCC_WARN_UNUSED_FUNCTION = YES;
				GCC_WARN_UNUSED_VARIABLE = YES;
				IPHONEOS_DEPLOYMENT_TARGET = 14.5;
				MTL_ENABLE_DEBUG_INFO = INCLUDE_SOURCE;
				MTL_FAST_MATH = YES;
				ONLY_ACTIVE_ARCH = YES;
				SDKROOT = iphoneos;
				SWIFT_ACTIVE_COMPILATION_CONDITIONS = DEBUG;
				SWIFT_OPTIMIZATION_LEVEL = "-Onone";
			};
			name = Debug;
		};
		58B20F53269B21900008EF2E /* Release */ = {
			isa = XCBuildConfiguration;
			buildSettings = {
				ALWAYS_SEARCH_USER_PATHS = NO;
				CLANG_ANALYZER_NONNULL = YES;
				CLANG_ANALYZER_NUMBER_OBJECT_CONVERSION = YES_AGGRESSIVE;
				CLANG_CXX_LANGUAGE_STANDARD = "gnu++14";
				CLANG_CXX_LIBRARY = "libc++";
				CLANG_ENABLE_MODULES = YES;
				CLANG_ENABLE_OBJC_ARC = YES;
				CLANG_ENABLE_OBJC_WEAK = YES;
				CLANG_WARN_BLOCK_CAPTURE_AUTORELEASING = YES;
				CLANG_WARN_BOOL_CONVERSION = YES;
				CLANG_WARN_COMMA = YES;
				CLANG_WARN_CONSTANT_CONVERSION = YES;
				CLANG_WARN_DEPRECATED_OBJC_IMPLEMENTATIONS = YES;
				CLANG_WARN_DIRECT_OBJC_ISA_USAGE = YES_ERROR;
				CLANG_WARN_DOCUMENTATION_COMMENTS = YES;
				CLANG_WARN_EMPTY_BODY = YES;
				CLANG_WARN_ENUM_CONVERSION = YES;
				CLANG_WARN_INFINITE_RECURSION = YES;
				CLANG_WARN_INT_CONVERSION = YES;
				CLANG_WARN_NON_LITERAL_NULL_CONVERSION = YES;
				CLANG_WARN_OBJC_IMPLICIT_RETAIN_SELF = YES;
				CLANG_WARN_OBJC_LITERAL_CONVERSION = YES;
				CLANG_WARN_OBJC_ROOT_CLASS = YES_ERROR;
				CLANG_WARN_QUOTED_INCLUDE_IN_FRAMEWORK_HEADER = YES;
				CLANG_WARN_RANGE_LOOP_ANALYSIS = YES;
				CLANG_WARN_STRICT_PROTOTYPES = YES;
				CLANG_WARN_SUSPICIOUS_MOVE = YES;
				CLANG_WARN_UNGUARDED_AVAILABILITY = YES_AGGRESSIVE;
				CLANG_WARN_UNREACHABLE_CODE = YES;
				CLANG_WARN__DUPLICATE_METHOD_MATCH = YES;
				COPY_PHASE_STRIP = NO;
				DEBUG_INFORMATION_FORMAT = "dwarf-with-dsym";
				ENABLE_NS_ASSERTIONS = NO;
				ENABLE_STRICT_OBJC_MSGSEND = YES;
				GCC_C_LANGUAGE_STANDARD = gnu11;
				GCC_NO_COMMON_BLOCKS = YES;
				GCC_WARN_64_TO_32_BIT_CONVERSION = YES;
				GCC_WARN_ABOUT_RETURN_TYPE = YES_ERROR;
				GCC_WARN_UNDECLARED_SELECTOR = YES;
				GCC_WARN_UNINITIALIZED_AUTOS = YES_AGGRESSIVE;
				GCC_WARN_UNUSED_FUNCTION = YES;
				GCC_WARN_UNUSED_VARIABLE = YES;
				IPHONEOS_DEPLOYMENT_TARGET = 14.5;
				MTL_ENABLE_DEBUG_INFO = NO;
				MTL_FAST_MATH = YES;
				SDKROOT = iphoneos;
				SWIFT_COMPILATION_MODE = wholemodule;
				SWIFT_OPTIMIZATION_LEVEL = "-O";
				VALIDATE_PRODUCT = YES;
			};
			name = Release;
		};
		58B20F55269B21900008EF2E /* Debug */ = {
			isa = XCBuildConfiguration;
			baseConfigurationReference = 8DA2B6F9598F9D5B12FD5AE5 /* Pods-RxSwiftPagination.debug.xcconfig */;
			buildSettings = {
				ASSETCATALOG_COMPILER_APPICON_NAME = AppIcon;
				ASSETCATALOG_COMPILER_GLOBAL_ACCENT_COLOR_NAME = AccentColor;
				CODE_SIGN_STYLE = Automatic;
				DEVELOPMENT_TEAM = 43THU6L26P;
				INFOPLIST_FILE = RxSwiftPagination/Info.plist;
				LD_RUNPATH_SEARCH_PATHS = (
					"$(inherited)",
					"@executable_path/Frameworks",
				);
				PRODUCT_BUNDLE_IDENTIFIER = com.ferhanakkan.RxSwiftPagination;
				PRODUCT_NAME = "$(TARGET_NAME)";
				SWIFT_VERSION = 5.0;
				TARGETED_DEVICE_FAMILY = 1;
			};
			name = Debug;
		};
		58B20F56269B21900008EF2E /* Release */ = {
			isa = XCBuildConfiguration;
			baseConfigurationReference = 4D5019DC73EA39094D3CBEA9 /* Pods-RxSwiftPagination.release.xcconfig */;
			buildSettings = {
				ASSETCATALOG_COMPILER_APPICON_NAME = AppIcon;
				ASSETCATALOG_COMPILER_GLOBAL_ACCENT_COLOR_NAME = AccentColor;
				CODE_SIGN_STYLE = Automatic;
				DEVELOPMENT_TEAM = 43THU6L26P;
				INFOPLIST_FILE = RxSwiftPagination/Info.plist;
				LD_RUNPATH_SEARCH_PATHS = (
					"$(inherited)",
					"@executable_path/Frameworks",
				);
				PRODUCT_BUNDLE_IDENTIFIER = com.ferhanakkan.RxSwiftPagination;
				PRODUCT_NAME = "$(TARGET_NAME)";
				SWIFT_VERSION = 5.0;
				TARGETED_DEVICE_FAMILY = 1;
			};
			name = Release;
		};
/* End XCBuildConfiguration section */

/* Begin XCConfigurationList section */
		58B20F3B269B21900008EF2E /* Build configuration list for PBXProject "RxSwiftPagination" */ = {
			isa = XCConfigurationList;
			buildConfigurations = (
				58B20F52269B21900008EF2E /* Debug */,
				58B20F53269B21900008EF2E /* Release */,
			);
			defaultConfigurationIsVisible = 0;
			defaultConfigurationName = Release;
		};
		58B20F54269B21900008EF2E /* Build configuration list for PBXNativeTarget "RxSwiftPagination" */ = {
			isa = XCConfigurationList;
			buildConfigurations = (
				58B20F55269B21900008EF2E /* Debug */,
				58B20F56269B21900008EF2E /* Release */,
			);
			defaultConfigurationIsVisible = 0;
			defaultConfigurationName = Release;
		};
/* End XCConfigurationList section */
	};
	rootObject = 58B20F38269B21900008EF2E /* Project object */;
}
